{
  "name": "scratch",
  "version": "1.0.0",
  "lockfileVersion": 3,
  "requires": true,
  "packages": {
    "": {
      "name": "scratch",
      "version": "1.0.0",
      "license": "ISC",
      "dependencies": {
        "simple-icons": "^16.29.0"
      }
    },
    "node_modules/simple-icons": {
      "version": "16.29.0",
      "resolved": "https://registry.npmjs.org/simple-icons/-/simple-icons-16.29.0.tgz",
      "integrity": "sha512-4H94f5ZgcCcgJroc902TFlFdgPu2IU2eD7+WebN2Z14xKYrKHeJ4UQcZwzgSuH4Rgzw+jp7sbHl40NefuIEYsg==",
      "funding": [
        {
          "type": "opencollective",
          "url": "https://opencollective.com/simple-icons"
        },
        {
          "type": "github",
          "url": "https://github.com/sponsors/simple-icons"
        }
      ],
      "license": "CC0-1.0",
      "engines": {
        "node": ">=0.12.18"
      }
    }
  }
}
